
Microsoft Visual Studio Solution File, Format Version 12.00
# Visual Studio Version 17
VisualStudioVersion = 17.12.35707.178
MinimumVisualStudioVersion = 10.0.40219.1
Project("{FAE04EC0-301F-11D3-BF4B-00C04F79EFBC}") = "TareaTdd.test", "TareaTdd\TareaTdd.test.csproj", "{BEF73E4B-BF60-4726-A565-D4AE277BBAD1}"
EndProject
Project("{2150E333-8FDC-42A3-9474-1A3956D46DE8}") = "Elementos de la solución", "Elementos de la solución", "{D00DAE22-BCCD-4E04-A029-9C93B20A9723}"
	ProjectSection(SolutionItems) = preProject
		fizzbuzz.cs = fizzbuzz.cs
	EndProjectSection
EndProject
Global
	GlobalSection(SolutionConfigurationPlatforms) = preSolution
		Debug|Any CPU = Debug|Any CPU
		Release|Any CPU = Release|Any CPU
	EndGlobalSection
	GlobalSection(ProjectConfigurationPlatforms) = postSolution
		{BEF73E4B-BF60-4726-A565-D4AE277BBAD1}.Debug|Any CPU.ActiveCfg = Debug|Any CPU
		{BEF73E4B-BF60-4726-A565-D4AE277BBAD1}.Debug|Any CPU.Build.0 = Debug|Any CPU
		{BEF73E4B-BF60-4726-A565-D4AE277BBAD1}.Release|Any CPU.ActiveCfg = Release|Any CPU
		{BEF73E4B-BF60-4726-A565-D4AE277BBAD1}.Release|Any CPU.Build.0 = Release|Any CPU
	EndGlobalSection
	GlobalSection(SolutionProperties) = preSolution
		HideSolutionNode = FALSE
	EndGlobalSection
EndGlobal
